
Microsoft Visual Studio Solution File, Format Version 12.00
# Visual Studio Version 17
VisualStudioVersion = 17.6.33717.318
MinimumVisualStudioVersion = 10.0.40219.1
Project("{FAE04EC0-301F-11D3-BF4B-00C04F79EFBC}") = "DataAnotation", "DataAnotation\DataAnotation.csproj", "{1D0F69EC-8E07-4DE7-BABE-850E9C8F2473}"
EndProject
Global
	GlobalSection(SolutionConfigurationPlatforms) = preSolution
		Debug|Any CPU = Debug|Any CPU
		Release|Any CPU = Release|Any CPU
	EndGlobalSection
	GlobalSection(ProjectConfigurationPlatforms) = postSolution
		{1D0F69EC-8E07-4DE7-BABE-850E9C8F2473}.Debug|Any CPU.ActiveCfg = Debug|Any CPU
		{1D0F69EC-8E07-4DE7-BABE-850E9C8F2473}.Debug|Any CPU.Build.0 = Debug|Any CPU
		{1D0F69EC-8E07-4DE7-BABE-850E9C8F2473}.Release|Any CPU.ActiveCfg = Release|Any CPU
		{1D0F69EC-8E07-4DE7-BABE-850E9C8F2473}.Release|Any CPU.Build.0 = Release|Any CPU
	EndGlobalSection
	GlobalSection(SolutionProperties) = preSolution
		HideSolutionNode = FALSE
	EndGlobalSection
	GlobalSection(ExtensibilityGlobals) = postSolution
		SolutionGuid = {87AA0371-BA4B-4C70-ACC5-4CE2736AFE37}
	EndGlobalSection
EndGlobal
